
Microsoft Visual Studio Solution File, Format Version 12.00
# Visual Studio Version 17
VisualStudioVersion = 17.3.32929.385
MinimumVisualStudioVersion = 10.0.40219.1
Project("{FAE04EC0-301F-11D3-BF4B-00C04F79EFBC}") = "LibreriaEmpleados", "EjercicioFinal\LibreriaEmpleados.csproj", "{C70736A0-80E3-4CCE-97A4-7BBB9CD7A774}"
EndProject
Project("{FAE04EC0-301F-11D3-BF4B-00C04F79EFBC}") = "WindowsAppEmpleados", "WindowsAppEmpleados\WindowsAppEmpleados.csproj", "{71824863-0EE4-4C36-927D-6BEA34569393}"
EndProject
Project("{FAE04EC0-301F-11D3-BF4B-00C04F79EFBC}") = "WindowsEmpleados", "WindowsEmpleados\WindowsEmpleados.csproj", "{00B952D2-D76D-4C78-B754-B12BBAA4CF21}"
EndProject
Global
	GlobalSection(SolutionConfigurationPlatforms) = preSolution
		Debug|Any CPU = Debug|Any CPU
		Release|Any CPU = Release|Any CPU
	EndGlobalSection
	GlobalSection(ProjectConfigurationPlatforms) = postSolution
		{C70736A0-80E3-4CCE-97A4-7BBB9CD7A774}.Debug|Any CPU.ActiveCfg = Debug|Any CPU
		{C70736A0-80E3-4CCE-97A4-7BBB9CD7A774}.Debug|Any CPU.Build.0 = Debug|Any CPU
		{C70736A0-80E3-4CCE-97A4-7BBB9CD7A774}.Release|Any CPU.ActiveCfg = Release|Any CPU
		{C70736A0-80E3-4CCE-97A4-7BBB9CD7A774}.Release|Any CPU.Build.0 = Release|Any CPU
		{71824863-0EE4-4C36-927D-6BEA34569393}.Debug|Any CPU.ActiveCfg = Debug|Any CPU
		{71824863-0EE4-4C36-927D-6BEA34569393}.Debug|Any CPU.Build.0 = Debug|Any CPU
		{71824863-0EE4-4C36-927D-6BEA34569393}.Release|Any CPU.ActiveCfg = Release|Any CPU
		{71824863-0EE4-4C36-927D-6BEA34569393}.Release|Any CPU.Build.0 = Release|Any CPU
		{00B952D2-D76D-4C78-B754-B12BBAA4CF21}.Debug|Any CPU.ActiveCfg = Debug|Any CPU
		{00B952D2-D76D-4C78-B754-B12BBAA4CF21}.Debug|Any CPU.Build.0 = Debug|Any CPU
		{00B952D2-D76D-4C78-B754-B12BBAA4CF21}.Release|Any CPU.ActiveCfg = Release|Any CPU
		{00B952D2-D76D-4C78-B754-B12BBAA4CF21}.Release|Any CPU.Build.0 = Release|Any CPU
	EndGlobalSection
	GlobalSection(SolutionProperties) = preSolution
		HideSolutionNode = FALSE
	EndGlobalSection
	GlobalSection(ExtensibilityGlobals) = postSolution
		SolutionGuid = {605A565E-DC0C-4AEC-83E5-F67C1A2D2048}
	EndGlobalSection
EndGlobal
